// !$*UTF8*$!
{
	archiveVersion = 1;
	classes = {
	};
	objectVersion = 50;
	objects = {

/* Begin PBXBuildFile section */
		50D0CBBF21CF4F9300938462 /* AppDelegate.swift in Sources */ = {isa = PBXBuildFile; fileRef = 50D0CBBE21CF4F9300938462 /* AppDelegate.swift */; };
		50D0CBC121CF4F9300938462 /* ViewController.swift in Sources */ = {isa = PBXBuildFile; fileRef = 50D0CBC021CF4F9300938462 /* ViewController.swift */; };
		50D0CBC421CF4F9300938462 /* Main.storyboard in Resources */ = {isa = PBXBuildFile; fileRef = 50D0CBC221CF4F9300938462 /* Main.storyboard */; };
		50D0CBC621CF4F9400938462 /* Assets.xcassets in Resources */ = {isa = PBXBuildFile; fileRef = 50D0CBC521CF4F9400938462 /* Assets.xcassets */; };
		50D0CBC921CF4F9400938462 /* LaunchScreen.storyboard in Resources */ = {isa = PBXBuildFile; fileRef = 50D0CBC721CF4F9400938462 /* LaunchScreen.storyboard */; };
		50D0CBD421CF4F9400938462 /* Flight_DataTests.swift in Sources */ = {isa = PBXBuildFile; fileRef = 50D0CBD321CF4F9400938462 /* Flight_DataTests.swift */; };
		50D0CBDF21CF4F9400938462 /* Flight_DataUITests.swift in Sources */ = {isa = PBXBuildFile; fileRef = 50D0CBDE21CF4F9400938462 /* Flight_DataUITests.swift */; };
		50D0CBED21D00CD900938462 /* Audio.swift in Sources */ = {isa = PBXBuildFile; fileRef = 50D0CBEC21D00CD900938462 /* Audio.swift */; };
/* End PBXBuildFile section */

/* Begin PBXContainerItemProxy section */
		50D0CBD021CF4F9400938462 /* PBXContainerItemProxy */ = {
			isa = PBXContainerItemProxy;
			containerPortal = 50D0CBB321CF4F9300938462 /* Project object */;
			proxyType = 1;
			remoteGlobalIDString = 50D0CBBA21CF4F9300938462;
			remoteInfo = "Flight Data";
		};
		50D0CBDB21CF4F9400938462 /* PBXContainerItemProxy */ = {
			isa = PBXContainerItemProxy;
			containerPortal = 50D0CBB321CF4F9300938462 /* Project object */;
			proxyType = 1;
			remoteGlobalIDString = 50D0CBBA21CF4F9300938462;
			remoteInfo = "Flight Data";
		};
/* End PBXContainerItemProxy section */

/* Begin PBXFileReference section */
		50D0CBBB21CF4F9300938462 /* Flight Data.app */ = {isa = PBXFileReference; explicitFileType = wrapper.application; includeInIndex = 0; path = "Flight Data.app"; sourceTree = BUILT_PRODUCTS_DIR; };
		50D0CBBE21CF4F9300938462 /* AppDelegate.swift */ = {isa = PBXFileReference; lastKnownFileType = sourcecode.swift; path = AppDelegate.swift; sourceTree = "<group>"; };
		50D0CBC021CF4F9300938462 /* ViewController.swift */ = {isa = PBXFileReference; lastKnownFileType = sourcecode.swift; path = ViewController.swift; sourceTree = "<group>"; };
		50D0CBC321CF4F9300938462 /* Base */ = {isa = PBXFileReference; lastKnownFileType = file.storyboard; name = Base; path = Base.lproj/Main.storyboard; sourceTree = "<group>"; };
		50D0CBC521CF4F9400938462 /* Assets.xcassets */ = {isa = PBXFileReference; lastKnownFileType = folder.assetcatalog; path = Assets.xcassets; sourceTree = "<group>"; };
		50D0CBC821CF4F9400938462 /* Base */ = {isa = PBXFileReference; lastKnownFileType = file.storyboard; name = Base; path = Base.lproj/LaunchScreen.storyboard; sourceTree = "<group>"; };
		50D0CBCA21CF4F9400938462 /* Info.plist */ = {isa = PBXFileReference; lastKnownFileType = text.plist.xml; path = Info.plist; sourceTree = "<group>"; };
		50D0CBCF21CF4F9400938462 /* Flight DataTests.xctest */ = {isa = PBXFileReference; explicitFileType = wrapper.cfbundle; includeInIndex = 0; path = "Flight DataTests.xctest"; sourceTree = BUILT_PRODUCTS_DIR; };
		50D0CBD321CF4F9400938462 /* Flight_DataTests.swift */ = {isa = PBXFileReference; lastKnownFileType = sourcecode.swift; path = Flight_DataTests.swift; sourceTree = "<group>"; };
		50D0CBD521CF4F9400938462 /* Info.plist */ = {isa = PBXFileReference; lastKnownFileType = text.plist.xml; path = Info.plist; sourceTree = "<group>"; };
		50D0CBDA21CF4F9400938462 /* Flight DataUITests.xctest */ = {isa = PBXFileReference; explicitFileType = wrapper.cfbundle; includeInIndex = 0; path = "Flight DataUITests.xctest"; sourceTree = BUILT_PRODUCTS_DIR; };
		50D0CBDE21CF4F9400938462 /* Flight_DataUITests.swift */ = {isa = PBXFileReference; lastKnownFileType = sourcecode.swift; path = Flight_DataUITests.swift; sourceTree = "<group>"; };
		50D0CBE021CF4F9400938462 /* Info.plist */ = {isa = PBXFileReference; lastKnownFileType = text.plist.xml; path = Info.plist; sourceTree = "<group>"; };
		50D0CBEC21D00CD900938462 /* Audio.swift */ = {isa = PBXFileReference; lastKnownFileType = sourcecode.swift; path = Audio.swift; sourceTree = "<group>"; };
/* End PBXFileReference section */

/* Begin PBXFrameworksBuildPhase section */
		50D0CBB821CF4F9300938462 /* Frameworks */ = {
			isa = PBXFrameworksBuildPhase;
			buildActionMask = 2147483647;
			files = (
			);
			runOnlyForDeploymentPostprocessing = 0;
		};
		50D0CBCC21CF4F9400938462 /* Frameworks */ = {
			isa = PBXFrameworksBuildPhase;
			buildActionMask = 2147483647;
			files = (
			);
			runOnlyForDeploymentPostprocessing = 0;
		};
		50D0CBD721CF4F9400938462 /* Frameworks */ = {
			isa = PBXFrameworksBuildPhase;
			buildActionMask = 2147483647;
			files = (
			);
			runOnlyForDeploymentPostprocessing = 0;
		};
/* End PBXFrameworksBuildPhase section */

/* Begin PBXGroup section */
		50D0CBB221CF4F9300938462 = {
			isa = PBXGroup;
			children = (
				50D0CBBD21CF4F9300938462 /* Flight Data */,
				50D0CBD221CF4F9400938462 /* Flight DataTests */,
				50D0CBDD21CF4F9400938462 /* Flight DataUITests */,
				50D0CBBC21CF4F9300938462 /* Products */,
			);
			sourceTree = "<group>";
		};
		50D0CBBC21CF4F9300938462 /* Products */ = {
			isa = PBXGroup;
			children = (
				50D0CBBB21CF4F9300938462 /* Flight Data.app */,
				50D0CBCF21CF4F9400938462 /* Flight DataTests.xctest */,
				50D0CBDA21CF4F9400938462 /* Flight DataUITests.xctest */,
			);
			name = Products;
			sourceTree = "<group>";
		};
		50D0CBBD21CF4F9300938462 /* Flight Data */ = {
			isa = PBXGroup;
			children = (
				50D0CBBE21CF4F9300938462 /* AppDelegate.swift */,
				50D0CBC021CF4F9300938462 /* ViewController.swift */,
				50D0CBC521CF4F9400938462 /* Assets.xcassets */,
				50D0CBC221CF4F9300938462 /* Main.storyboard */,
				50D0CBC721CF4F9400938462 /* LaunchScreen.storyboard */,
				50D0CBCA21CF4F9400938462 /* Info.plist */,
				50D0CBEC21D00CD900938462 /* Audio.swift */,
			);
			path = "Flight Data";
			sourceTree = "<group>";
		};
		50D0CBD221CF4F9400938462 /* Flight DataTests */ = {
			isa = PBXGroup;
			children = (
				50D0CBD321CF4F9400938462 /* Flight_DataTests.swift */,
				50D0CBD521CF4F9400938462 /* Info.plist */,
			);
			path = "Flight DataTests";
			sourceTree = "<group>";
		};
		50D0CBDD21CF4F9400938462 /* Flight DataUITests */ = {
			isa = PBXGroup;
			children = (
				50D0CBDE21CF4F9400938462 /* Flight_DataUITests.swift */,
				50D0CBE021CF4F9400938462 /* Info.plist */,
			);
			path = "Flight DataUITests";
			sourceTree = "<group>";
		};
/* End PBXGroup section */

/* Begin PBXNativeTarget section */
		50D0CBBA21CF4F9300938462 /* Flight Data */ = {
			isa = PBXNativeTarget;
			buildConfigurationList = 50D0CBE321CF4F9400938462 /* Build configuration list for PBXNativeTarget "Flight Data" */;
			buildPhases = (
				50D0CBB721CF4F9300938462 /* Sources */,
				50D0CBB821CF4F9300938462 /* Frameworks */,
				50D0CBB921CF4F9300938462 /* Resources */,
			);
			buildRules = (
			);
			dependencies = (
			);
			name = "Flight Data";
			productName = "Flight Data";
			productReference = 50D0CBBB21CF4F9300938462 /* Flight Data.app */;
			productType = "com.apple.product-type.application";
		};
		50D0CBCE21CF4F9400938462 /* Flight DataTests */ = {
			isa = PBXNativeTarget;
			buildConfigurationList = 50D0CBE621CF4F9400938462 /* Build configuration list for PBXNativeTarget "Flight DataTests" */;
			buildPhases = (
				50D0CBCB21CF4F9400938462 /* Sources */,
				50D0CBCC21CF4F9400938462 /* Frameworks */,
				50D0CBCD21CF4F9400938462 /* Resources */,
			);
			buildRules = (
			);
			dependencies = (
				50D0CBD121CF4F9400938462 /* PBXTargetDependency */,
			);
			name = "Flight DataTests";
			productName = "Flight DataTests";
			productReference = 50D0CBCF21CF4F9400938462 /* Flight DataTests.xctest */;
			productType = "com.apple.product-type.bundle.unit-test";
		};
		50D0CBD921CF4F9400938462 /* Flight DataUITests */ = {
			isa = PBXNativeTarget;
			buildConfigurationList = 50D0CBE921CF4F9400938462 /* Build configuration list for PBXNativeTarget "Flight DataUITests" */;
			buildPhases = (
				50D0CBD621CF4F9400938462 /* Sources */,
				50D0CBD721CF4F9400938462 /* Frameworks */,
				50D0CBD821CF4F9400938462 /* Resources */,
			);
			buildRules = (
			);
			dependencies = (
				50D0CBDC21CF4F9400938462 /* PBXTargetDependency */,
			);
			name = "Flight DataUITests";
			productName = "Flight DataUITests";
			productReference = 50D0CBDA21CF4F9400938462 /* Flight DataUITests.xctest */;
			productType = "com.apple.product-type.bundle.ui-testing";
		};
/* End PBXNativeTarget section */

/* Begin PBXProject section */
		50D0CBB321CF4F9300938462 /* Project object */ = {
			isa = PBXProject;
			attributes = {
				LastSwiftUpdateCheck = 1010;
				LastUpgradeCheck = 1010;
				ORGANIZATIONNAME = Ace;
				TargetAttributes = {
					50D0CBBA21CF4F9300938462 = {
						CreatedOnToolsVersion = 10.1;
						LastSwiftMigration = 1020;
					};
					50D0CBCE21CF4F9400938462 = {
						CreatedOnToolsVersion = 10.1;
						LastSwiftMigration = 1020;
						TestTargetID = 50D0CBBA21CF4F9300938462;
					};
					50D0CBD921CF4F9400938462 = {
						CreatedOnToolsVersion = 10.1;
						LastSwiftMigration = 1020;
						TestTargetID = 50D0CBBA21CF4F9300938462;
					};
				};
			};
			buildConfigurationList = 50D0CBB621CF4F9300938462 /* Build configuration list for PBXProject "Flight Data" */;
			compatibilityVersion = "Xcode 9.3";
			developmentRegion = en;
			hasScannedForEncodings = 0;
			knownRegions = (
				en,
				Base,
			);
			mainGroup = 50D0CBB221CF4F9300938462;
			productRefGroup = 50D0CBBC21CF4F9300938462 /* Products */;
			projectDirPath = "";
			projectRoot = "";
			targets = (
				50D0CBBA21CF4F9300938462 /* Flight Data */,
				50D0CBCE21CF4F9400938462 /* Flight DataTests */,
				50D0CBD921CF4F9400938462 /* Flight DataUITests */,
			);
		};
/* End PBXProject section */

/* Begin PBXResourcesBuildPhase section */
		50D0CBB921CF4F9300938462 /* Resources */ = {
			isa = PBXResourcesBuildPhase;
			buildActionMask = 2147483647;
			files = (
				50D0CBC921CF4F9400938462 /* LaunchScreen.storyboard in Resources */,
				50D0CBC621CF4F9400938462 /* Assets.xcassets in Resources */,
				50D0CBC421CF4F9300938462 /* Main.storyboard in Resources */,
			);
			runOnlyForDeploymentPostprocessing = 0;
		};
		50D0CBCD21CF4F9400938462 /* Resources */ = {
			isa = PBXResourcesBuildPhase;
			buildActionMask = 2147483647;
			files = (
			);
			runOnlyForDeploymentPostprocessing = 0;
		};
		50D0CBD821CF4F9400938462 /* Resources */ = {
			isa = PBXResourcesBuildPhase;
			buildActionMask = 2147483647;
			files = (
			);
			runOnlyForDeploymentPostprocessing = 0;
		};
/* End PBXResourcesBuildPhase section */

/* Begin PBXSourcesBuildPhase section */
		50D0CBB721CF4F9300938462 /* Sources */ = {
			isa = PBXSourcesBuildPhase;
			buildActionMask = 2147483647;
			files = (
				50D0CBC121CF4F9300938462 /* ViewController.swift in Sources */,
				50D0CBED21D00CD900938462 /* Audio.swift in Sources */,
				50D0CBBF21CF4F9300938462 /* AppDelegate.swift in Sources */,
			);
			runOnlyForDeploymentPostprocessing = 0;
		};
		50D0CBCB21CF4F9400938462 /* Sources */ = {
			isa = PBXSourcesBuildPhase;
			buildActionMask = 2147483647;
			files = (
				50D0CBD421CF4F9400938462 /* Flight_DataTests.swift in Sources */,
			);
			runOnlyForDeploymentPostprocessing = 0;
		};
		50D0CBD621CF4F9400938462 /* Sources */ = {
			isa = PBXSourcesBuildPhase;
			buildActionMask = 2147483647;
			files = (
				50D0CBDF21CF4F9400938462 /* Flight_DataUITests.swift in Sources */,
			);
			runOnlyForDeploymentPostprocessing = 0;
		};
/* End PBXSourcesBuildPhase section */

/* Begin PBXTargetDependency section */
		50D0CBD121CF4F9400938462 /* PBXTargetDependency */ = {
			isa = PBXTargetDependency;
			target = 50D0CBBA21CF4F9300938462 /* Flight Data */;
			targetProxy = 50D0CBD021CF4F9400938462 /* PBXContainerItemProxy */;
		};
		50D0CBDC21CF4F9400938462 /* PBXTargetDependency */ = {
			isa = PBXTargetDependency;
			target = 50D0CBBA21CF4F9300938462 /* Flight Data */;
			targetProxy = 50D0CBDB21CF4F9400938462 /* PBXContainerItemProxy */;
		};
/* End PBXTargetDependency section */

/* Begin PBXVariantGroup section */
		50D0CBC221CF4F9300938462 /* Main.storyboard */ = {
			isa = PBXVariantGroup;
			children = (
				50D0CBC321CF4F9300938462 /* Base */,
			);
			name = Main.storyboard;
			sourceTree = "<group>";
		};
		50D0CBC721CF4F9400938462 /* LaunchScreen.storyboard */ = {
			isa = PBXVariantGroup;
			children = (
				50D0CBC821CF4F9400938462 /* Base */,
			);
			name = LaunchScreen.storyboard;
			sourceTree = "<group>";
		};
/* End PBXVariantGroup section */

/* Begin XCBuildConfiguration section */
		50D0CBE121CF4F9400938462 /* Debug */ = {
			isa = XCBuildConfiguration;
			buildSettings = {
				ALWAYS_SEARCH_USER_PATHS = NO;
				CLANG_ANALYZER_NONNULL = YES;
				CLANG_ANALYZER_NUMBER_OBJECT_CONVERSION = YES_AGGRESSIVE;
				CLANG_CXX_LANGUAGE_STANDARD = "gnu++14";
				CLANG_CXX_LIBRARY = "libc++";
				CLANG_ENABLE_MODULES = YES;
				CLANG_ENABLE_OBJC_ARC = YES;
				CLANG_ENABLE_OBJC_WEAK = YES;
				CLANG_WARN_BLOCK_CAPTURE_AUTORELEASING = YES;
				CLANG_WARN_BOOL_CONVERSION = YES;
				CLANG_WARN_COMMA = YES;
				CLANG_WARN_CONSTANT_CONVERSION = YES;
				CLANG_WARN_DEPRECATED_OBJC_IMPLEMENTATIONS = YES;
				CLANG_WARN_DIRECT_OBJC_ISA_USAGE = YES_ERROR;
				CLANG_WARN_DOCUMENTATION_COMMENTS = YES;
				CLANG_WARN_EMPTY_BODY = YES;
				CLANG_WARN_ENUM_CONVERSION = YES;
				CLANG_WARN_INFINITE_RECURSION = YES;
				CLANG_WARN_INT_CONVERSION = YES;
				CLANG_WARN_NON_LITERAL_NULL_CONVERSION = YES;
				CLANG_WARN_OBJC_IMPLICIT_RETAIN_SELF = YES;
				CLANG_WARN_OBJC_LITERAL_CONVERSION = YES;
				CLANG_WARN_OBJC_ROOT_CLASS = YES_ERROR;
				CLANG_WARN_RANGE_LOOP_ANALYSIS = YES;
				CLANG_WARN_STRICT_PROTOTYPES = YES;
				CLANG_WARN_SUSPICIOUS_MOVE = YES;
				CLANG_WARN_UNGUARDED_AVAILABILITY = YES_AGGRESSIVE;
				CLANG_WARN_UNREACHABLE_CODE = YES;
				CLANG_WARN__DUPLICATE_METHOD_MATCH = YES;
				CODE_SIGN_IDENTITY = "iPhone Developer";
				COPY_PHASE_STRIP = NO;
				DEBUG_INFORMATION_FORMAT = dwarf;
				ENABLE_STRICT_OBJC_MSGSEND = YES;
				ENABLE_TESTABILITY = YES;
				GCC_C_LANGUAGE_STANDARD = gnu11;
				GCC_DYNAMIC_NO_PIC = NO;
				GCC_NO_COMMON_BLOCKS = YES;
				GCC_OPTIMIZATION_LEVEL = 0;
				GCC_PREPROCESSOR_DEFINITIONS = (
					"DEBUG=1",
					"$(inherited)",
				);
				GCC_WARN_64_TO_32_BIT_CONVERSION = YES;
				GCC_WARN_ABOUT_RETURN_TYPE = YES_ERROR;
				GCC_WARN_UNDECLARED_SELECTOR = YES;
				GCC_WARN_UNINITIALIZED_AUTOS = YES_AGGRESSIVE;
				GCC_WARN_UNUSED_FUNCTION = YES;
				GCC_WARN_UNUSED_VARIABLE = YES;
				IPHONEOS_DEPLOYMENT_TARGET = 12.1;
				MTL_ENABLE_DEBUG_INFO = INCLUDE_SOURCE;
				MTL_FAST_MATH = YES;
				ONLY_ACTIVE_ARCH = YES;
				SDKROOT = iphoneos;
				SWIFT_ACTIVE_COMPILATION_CONDITIONS = DEBUG;
				SWIFT_OPTIMIZATION_LEVEL = "-Onone";
			};
			name = Debug;
		};
		50D0CBE221CF4F9400938462 /* Release */ = {
			isa = XCBuildConfiguration;
			buildSettings = {
				ALWAYS_SEARCH_USER_PATHS = NO;
				CLANG_ANALYZER_NONNULL = YES;
				CLANG_ANALYZER_NUMBER_OBJECT_CONVERSION = YES_AGGRESSIVE;
				CLANG_CXX_LANGUAGE_STANDARD = "gnu++14";
				CLANG_CXX_LIBRARY = "libc++";
				CLANG_ENABLE_MODULES = YES;
				CLANG_ENABLE_OBJC_ARC = YES;
				CLANG_ENABLE_OBJC_WEAK = YES;
				CLANG_WARN_BLOCK_CAPTURE_AUTORELEASING = YES;
				CLANG_WARN_BOOL_CONVERSION = YES;
				CLANG_WARN_COMMA = YES;
				CLANG_WARN_CONSTANT_CONVERSION = YES;
				CLANG_WARN_DEPRECATED_OBJC_IMPLEMENTATIONS = YES;
				CLANG_WARN_DIRECT_OBJC_ISA_USAGE = YES_ERROR;
				CLANG_WARN_DOCUMENTATION_COMMENTS = YES;
				CLANG_WARN_EMPTY_BODY = YES;
				CLANG_WARN_ENUM_CONVERSION = YES;
				CLANG_WARN_INFINITE_RECURSION = YES;
				CLANG_WARN_INT_CONVERSION = YES;
				CLANG_WARN_NON_LITERAL_NULL_CONVERSION = YES;
				CLANG_WARN_OBJC_IMPLICIT_RETAIN_SELF = YES;
				CLANG_WARN_OBJC_LITERAL_CONVERSION = YES;
				CLANG_WARN_OBJC_ROOT_CLASS = YES_ERROR;
				CLANG_WARN_RANGE_LOOP_ANALYSIS = YES;
				CLANG_WARN_STRICT_PROTOTYPES = YES;
				CLANG_WARN_SUSPICIOUS_MOVE = YES;
				CLANG_WARN_UNGUARDED_AVAILABILITY = YES_AGGRESSIVE;
				CLANG_WARN_UNREACHABLE_CODE = YES;
				CLANG_WARN__DUPLICATE_METHOD_MATCH = YES;
				CODE_SIGN_IDENTITY = "iPhone Developer";
				COPY_PHASE_STRIP = NO;
				DEBUG_INFORMATION_FORMAT = "dwarf-with-dsym";
				ENABLE_NS_ASSERTIONS = NO;
				ENABLE_STRICT_OBJC_MSGSEND = YES;
				GCC_C_LANGUAGE_STANDARD = gnu11;
				GCC_NO_COMMON_BLOCKS = YES;
				GCC_WARN_64_TO_32_BIT_CONVERSION = YES;
				GCC_WARN_ABOUT_RETURN_TYPE = YES_ERROR;
				GCC_WARN_UNDECLARED_SELECTOR = YES;
				GCC_WARN_UNINITIALIZED_AUTOS = YES_AGGRESSIVE;
				GCC_WARN_UNUSED_FUNCTION = YES;
				GCC_WARN_UNUSED_VARIABLE = YES;
				IPHONEOS_DEPLOYMENT_TARGET = 12.1;
				MTL_ENABLE_DEBUG_INFO = NO;
				MTL_FAST_MATH = YES;
				SDKROOT = iphoneos;
				SWIFT_COMPILATION_MODE = wholemodule;
				SWIFT_OPTIMIZATION_LEVEL = "-O";
				VALIDATE_PRODUCT = YES;
			};
			name = Release;
		};
		50D0CBE421CF4F9400938462 /* Debug */ = {
			isa = XCBuildConfiguration;
			buildSettings = {
				ASSETCATALOG_COMPILER_APPICON_NAME = AppIcon;
				CODE_SIGN_IDENTITY = "iPhone Developer";
				CODE_SIGN_STYLE = Automatic;
				DEVELOPMENT_TEAM = RG28V4NPA4;
				INFOPLIST_FILE = "Flight Data/Info.plist";
				IPHONEOS_DEPLOYMENT_TARGET = 9.0;
				LD_RUNPATH_SEARCH_PATHS = (
					"$(inherited)",
					"@executable_path/Frameworks",
				);
				PRODUCT_BUNDLE_IDENTIFIER = ace.FlightData;
				PRODUCT_NAME = "$(TARGET_NAME)";
				PROVISIONING_PROFILE_SPECIFIER = "";
				SWIFT_VERSION = 5.0;
				TARGETED_DEVICE_FAMILY = "1,2";
			};
			name = Debug;
		};
		50D0CBE521CF4F9400938462 /* Release */ = {
			isa = XCBuildConfiguration;
			buildSettings = {
				ASSETCATALOG_COMPILER_APPICON_NAME = AppIcon;
				CODE_SIGN_IDENTITY = "iPhone Developer";
				CODE_SIGN_STYLE = Automatic;
				DEVELOPMENT_TEAM = RG28V4NPA4;
				INFOPLIST_FILE = "Flight Data/Info.plist";
				IPHONEOS_DEPLOYMENT_TARGET = 9.0;
				LD_RUNPATH_SEARCH_PATHS = (
					"$(inherited)",
					"@executable_path/Frameworks",
				);
				PRODUCT_BUNDLE_IDENTIFIER = ace.FlightData;
				PRODUCT_NAME = "$(TARGET_NAME)";
				PROVISIONING_PROFILE_SPECIFIER = "";
				SWIFT_VERSION = 5.0;
				TARGETED_DEVICE_FAMILY = "1,2";
			};
			name = Release;
		};
		50D0CBE721CF4F9400938462 /* Debug */ = {
			isa = XCBuildConfiguration;
			buildSettings = {
				ALWAYS_EMBED_SWIFT_STANDARD_LIBRARIES = YES;
				BUNDLE_LOADER = "$(TEST_HOST)";
				CODE_SIGN_STYLE = Automatic;
				DEVELOPMENT_TEAM = 56NM7UYVYD;
				INFOPLIST_FILE = "Flight DataTests/Info.plist";
				LD_RUNPATH_SEARCH_PATHS = (
					"$(inherited)",
					"@executable_path/Frameworks",
					"@loader_path/Frameworks",
				);
				PRODUCT_BUNDLE_IDENTIFIER = "ace.Flight-DataTests";
				PRODUCT_NAME = "$(TARGET_NAME)";
				SWIFT_VERSION = 5.0;
				TARGETED_DEVICE_FAMILY = "1,2";
				TEST_HOST = "$(BUILT_PRODUCTS_DIR)/Flight Data.app/Flight Data";
			};
			name = Debug;
		};
		50D0CBE821CF4F9400938462 /* Release */ = {
			isa = XCBuildConfiguration;
			buildSettings = {
				ALWAYS_EMBED_SWIFT_STANDARD_LIBRARIES = YES;
				BUNDLE_LOADER = "$(TEST_HOST)";
				CODE_SIGN_STYLE = Automatic;
				DEVELOPMENT_TEAM = 56NM7UYVYD;
				INFOPLIST_FILE = "Flight DataTests/Info.plist";
				LD_RUNPATH_SEARCH_PATHS = (
					"$(inherited)",
					"@executable_path/Frameworks",
					"@loader_path/Frameworks",
				);
				PRODUCT_BUNDLE_IDENTIFIER = "ace.Flight-DataTests";
				PRODUCT_NAME = "$(TARGET_NAME)";
				SWIFT_VERSION = 5.0;
				TARGETED_DEVICE_FAMILY = "1,2";
				TEST_HOST = "$(BUILT_PRODUCTS_DIR)/Flight Data.app/Flight Data";
			};
			name = Release;
		};
		50D0CBEA21CF4F9400938462 /* Debug */ = {
			isa = XCBuildConfiguration;
			buildSettings = {
				ALWAYS_EMBED_SWIFT_STANDARD_LIBRARIES = YES;
				CODE_SIGN_STYLE = Automatic;
				DEVELOPMENT_TEAM = 56NM7UYVYD;
				INFOPLIST_FILE = "Flight DataUITests/Info.plist";
				LD_RUNPATH_SEARCH_PATHS = (
					"$(inherited)",
					"@executable_path/Frameworks",
					"@loader_path/Frameworks",
				);
				PRODUCT_BUNDLE_IDENTIFIER = "ace.Flight-DataUITests";
				PRODUCT_NAME = "$(TARGET_NAME)";
				SWIFT_VERSION = 5.0;
				TARGETED_DEVICE_FAMILY = "1,2";
				TEST_TARGET_NAME = "Flight Data";
			};
			name = Debug;
		};
		50D0CBEB21CF4F9400938462 /* Release */ = {
			isa = XCBuildConfiguration;
			buildSettings = {
				ALWAYS_EMBED_SWIFT_STANDARD_LIBRARIES = YES;
				CODE_SIGN_STYLE = Automatic;
				DEVELOPMENT_TEAM = 56NM7UYVYD;
				INFOPLIST_FILE = "Flight DataUITests/Info.plist";
				LD_RUNPATH_SEARCH_PATHS = (
					"$(inherited)",
					"@executable_path/Frameworks",
					"@loader_path/Frameworks",
				);
				PRODUCT_BUNDLE_IDENTIFIER = "ace.Flight-DataUITests";
				PRODUCT_NAME = "$(TARGET_NAME)";
				SWIFT_VERSION = 5.0;
				TARGETED_DEVICE_FAMILY = "1,2";
				TEST_TARGET_NAME = "Flight Data";
			};
			name = Release;
		};
/* End XCBuildConfiguration section */

/* Begin XCConfigurationList section */
		50D0CBB621CF4F9300938462 /* Build configuration list for PBXProject "Flight Data" */ = {
			isa = XCConfigurationList;
			buildConfigurations = (
				50D0CBE121CF4F9400938462 /* Debug */,
				50D0CBE221CF4F9400938462 /* Release */,
			);
			defaultConfigurationIsVisible = 0;
			defaultConfigurationName = Release;
		};
		50D0CBE321CF4F9400938462 /* Build configuration list for PBXNativeTarget "Flight Data" */ = {
			isa = XCConfigurationList;
			buildConfigurations = (
				50D0CBE421CF4F9400938462 /* Debug */,
				50D0CBE521CF4F9400938462 /* Release */,
			);
			defaultConfigurationIsVisible = 0;
			defaultConfigurationName = Release;
		};
		50D0CBE621CF4F9400938462 /* Build configuration list for PBXNativeTarget "Flight DataTests" */ = {
			isa = XCConfigurationList;
			buildConfigurations = (
				50D0CBE721CF4F9400938462 /* Debug */,
				50D0CBE821CF4F9400938462 /* Release */,
			);
			defaultConfigurationIsVisible = 0;
			defaultConfigurationName = Release;
		};
		50D0CBE921CF4F9400938462 /* Build configuration list for PBXNativeTarget "Flight DataUITests" */ = {
			isa = XCConfigurationList;
			buildConfigurations = (
				50D0CBEA21CF4F9400938462 /* Debug */,
				50D0CBEB21CF4F9400938462 /* Release */,
			);
			defaultConfigurationIsVisible = 0;
			defaultConfigurationName = Release;
		};
/* End XCConfigurationList section */
	};
	rootObject = 50D0CBB321CF4F9300938462 /* Project object */;
}
